
Microsoft Visual Studio Solution File, Format Version 12.00
# Visual Studio 15
Project("{FAE04EC0-301F-11D3-BF4B-00C04F79EFBC}") = "Assembly-CSharp", "Assembly-CSharp.csproj", "{D9AC5CA4-F958-1B8C-B184-65D26684ECA1}"
EndProject
Project("{FAE04EC0-301F-11D3-BF4B-00C04F79EFBC}") = "Assembly-CSharp-Editor", "Assembly-CSharp-Editor.csproj", "{F877B0DB-5AFE-5A1E-FDFF-9FC935A8590E}"
EndProject
Global
	GlobalSection(SolutionConfigurationPlatforms) = preSolution
		Debug|Any CPU = Debug|Any CPU
		Release|Any CPU = Release|Any CPU
	EndGlobalSection
	GlobalSection(ProjectConfigurationPlatforms) = postSolution
		{D9AC5CA4-F958-1B8C-B184-65D26684ECA1}.Debug|Any CPU.ActiveCfg = Debug|Any CPU
		{D9AC5CA4-F958-1B8C-B184-65D26684ECA1}.Debug|Any CPU.Build.0 = Debug|Any CPU
		{D9AC5CA4-F958-1B8C-B184-65D26684ECA1}.Release|Any CPU.ActiveCfg = Release|Any CPU
		{D9AC5CA4-F958-1B8C-B184-65D26684ECA1}.Release|Any CPU.Build.0 = Release|Any CPU
		{F877B0DB-5AFE-5A1E-FDFF-9FC935A8590E}.Debug|Any CPU.ActiveCfg = Debug|Any CPU
		{F877B0DB-5AFE-5A1E-FDFF-9FC935A8590E}.Debug|Any CPU.Build.0 = Debug|Any CPU
		{F877B0DB-5AFE-5A1E-FDFF-9FC935A8590E}.Release|Any CPU.ActiveCfg = Release|Any CPU
		{F877B0DB-5AFE-5A1E-FDFF-9FC935A8590E}.Release|Any CPU.Build.0 = Release|Any CPU
	EndGlobalSection
	GlobalSection(SolutionProperties) = preSolution
		HideSolutionNode = FALSE
	EndGlobalSection
EndGlobal
